// !$*UTF8*$!
{
	archiveVersion = 1;
	classes = {
	};
	objectVersion = 50;
	objects = {

/* Begin PBXBuildFile section */
		64D7795225FDE77C0059EDCD /* AppDelegate.swift in Sources */ = {isa = PBXBuildFile; fileRef = 64D7795125FDE77C0059EDCD /* AppDelegate.swift */; };
		64D7795425FDE77C0059EDCD /* SceneDelegate.swift in Sources */ = {isa = PBXBuildFile; fileRef = 64D7795325FDE77C0059EDCD /* SceneDelegate.swift */; };
		64D7795625FDE77C0059EDCD /* ContentView.swift in Sources */ = {isa = PBXBuildFile; fileRef = 64D7795525FDE77C0059EDCD /* ContentView.swift */; };
		64D7795825FDE77E0059EDCD /* Assets.xcassets in Resources */ = {isa = PBXBuildFile; fileRef = 64D7795725FDE77E0059EDCD /* Assets.xcassets */; };
		64D7795B25FDE77E0059EDCD /* Preview Assets.xcassets in Resources */ = {isa = PBXBuildFile; fileRef = 64D7795A25FDE77E0059EDCD /* Preview Assets.xcassets */; };
		64D7795E25FDE77E0059EDCD /* LaunchScreen.storyboard in Resources */ = {isa = PBXBuildFile; fileRef = 64D7795C25FDE77E0059EDCD /* LaunchScreen.storyboard */; };
		64D7796725FDE7AC0059EDCD /* CustomTextField.swift in Sources */ = {isa = PBXBuildFile; fileRef = 64D7796625FDE7AC0059EDCD /* CustomTextField.swift */; };
/* End PBXBuildFile section */

/* Begin PBXFileReference section */
		64D7794E25FDE77C0059EDCD /* TextFieldFirstResponder.app */ = {isa = PBXFileReference; explicitFileType = wrapper.application; includeInIndex = 0; path = TextFieldFirstResponder.app; sourceTree = BUILT_PRODUCTS_DIR; };
		64D7795125FDE77C0059EDCD /* AppDelegate.swift */ = {isa = PBXFileReference; lastKnownFileType = sourcecode.swift; path = AppDelegate.swift; sourceTree = "<group>"; };
		64D7795325FDE77C0059EDCD /* SceneDelegate.swift */ = {isa = PBXFileReference; lastKnownFileType = sourcecode.swift; path = SceneDelegate.swift; sourceTree = "<group>"; };
		64D7795525FDE77C0059EDCD /* ContentView.swift */ = {isa = PBXFileReference; lastKnownFileType = sourcecode.swift; path = ContentView.swift; sourceTree = "<group>"; };
		64D7795725FDE77E0059EDCD /* Assets.xcassets */ = {isa = PBXFileReference; lastKnownFileType = folder.assetcatalog; path = Assets.xcassets; sourceTree = "<group>"; };
		64D7795A25FDE77E0059EDCD /* Preview Assets.xcassets */ = {isa = PBXFileReference; lastKnownFileType = folder.assetcatalog; path = "Preview Assets.xcassets"; sourceTree = "<group>"; };
		64D7795D25FDE77E0059EDCD /* Base */ = {isa = PBXFileReference; lastKnownFileType = file.storyboard; name = Base; path = Base.lproj/LaunchScreen.storyboard; sourceTree = "<group>"; };
		64D7795F25FDE77E0059EDCD /* Info.plist */ = {isa = PBXFileReference; lastKnownFileType = text.plist.xml; path = Info.plist; sourceTree = "<group>"; };
		64D7796625FDE7AC0059EDCD /* CustomTextField.swift */ = {isa = PBXFileReference; lastKnownFileType = sourcecode.swift; path = CustomTextField.swift; sourceTree = "<group>"; };
/* End PBXFileReference section */

/* Begin PBXFrameworksBuildPhase section */
		64D7794B25FDE77C0059EDCD /* Frameworks */ = {
			isa = PBXFrameworksBuildPhase;
			buildActionMask = 2147483647;
			files = (
			);
			runOnlyForDeploymentPostprocessing = 0;
		};
/* End PBXFrameworksBuildPhase section */

/* Begin PBXGroup section */
		64D7794525FDE77C0059EDCD = {
			isa = PBXGroup;
			children = (
				64D7795025FDE77C0059EDCD /* TextFieldFirstResponder */,
				64D7794F25FDE77C0059EDCD /* Products */,
			);
			sourceTree = "<group>";
		};
		64D7794F25FDE77C0059EDCD /* Products */ = {
			isa = PBXGroup;
			children = (
				64D7794E25FDE77C0059EDCD /* TextFieldFirstResponder.app */,
			);
			name = Products;
			sourceTree = "<group>";
		};
		64D7795025FDE77C0059EDCD /* TextFieldFirstResponder */ = {
			isa = PBXGroup;
			children = (
				64D7795125FDE77C0059EDCD /* AppDelegate.swift */,
				64D7795325FDE77C0059EDCD /* SceneDelegate.swift */,
				64D7795525FDE77C0059EDCD /* ContentView.swift */,
				64D7795725FDE77E0059EDCD /* Assets.xcassets */,
				64D7795C25FDE77E0059EDCD /* LaunchScreen.storyboard */,
				64D7795F25FDE77E0059EDCD /* Info.plist */,
				64D7795925FDE77E0059EDCD /* Preview Content */,
				64D7796625FDE7AC0059EDCD /* CustomTextField.swift */,
			);
			path = TextFieldFirstResponder;
			sourceTree = "<group>";
		};
		64D7795925FDE77E0059EDCD /* Preview Content */ = {
			isa = PBXGroup;
			children = (
				64D7795A25FDE77E0059EDCD /* Preview Assets.xcassets */,
			);
			path = "Preview Content";
			sourceTree = "<group>";
		};
/* End PBXGroup section */

/* Begin PBXNativeTarget section */
		64D7794D25FDE77C0059EDCD /* TextFieldFirstResponder */ = {
			isa = PBXNativeTarget;
			buildConfigurationList = 64D7796225FDE77E0059EDCD /* Build configuration list for PBXNativeTarget "TextFieldFirstResponder" */;
			buildPhases = (
				64D7794A25FDE77C0059EDCD /* Sources */,
				64D7794B25FDE77C0059EDCD /* Frameworks */,
				64D7794C25FDE77C0059EDCD /* Resources */,
			);
			buildRules = (
			);
			dependencies = (
			);
			name = TextFieldFirstResponder;
			productName = TextFieldFirstResponder;
			productReference = 64D7794E25FDE77C0059EDCD /* TextFieldFirstResponder.app */;
			productType = "com.apple.product-type.application";
		};
/* End PBXNativeTarget section */

/* Begin PBXProject section */
		64D7794625FDE77C0059EDCD /* Project object */ = {
			isa = PBXProject;
			attributes = {
				LastSwiftUpdateCheck = 1240;
				LastUpgradeCheck = 1240;
				TargetAttributes = {
					64D7794D25FDE77C0059EDCD = {
						CreatedOnToolsVersion = 12.4;
					};
				};
			};
			buildConfigurationList = 64D7794925FDE77C0059EDCD /* Build configuration list for PBXProject "TextFieldFirstResponder" */;
			compatibilityVersion = "Xcode 9.3";
			developmentRegion = en;
			hasScannedForEncodings = 0;
			knownRegions = (
				en,
				Base,
			);
			mainGroup = 64D7794525FDE77C0059EDCD;
			productRefGroup = 64D7794F25FDE77C0059EDCD /* Products */;
			projectDirPath = "";
			projectRoot = "";
			targets = (
				64D7794D25FDE77C0059EDCD /* TextFieldFirstResponder */,
			);
		};
/* End PBXProject section */

/* Begin PBXResourcesBuildPhase section */
		64D7794C25FDE77C0059EDCD /* Resources */ = {
			isa = PBXResourcesBuildPhase;
			buildActionMask = 2147483647;
			files = (
				64D7795E25FDE77E0059EDCD /* LaunchScreen.storyboard in Resources */,
				64D7795B25FDE77E0059EDCD /* Preview Assets.xcassets in Resources */,
				64D7795825FDE77E0059EDCD /* Assets.xcassets in Resources */,
			);
			runOnlyForDeploymentPostprocessing = 0;
		};
/* End PBXResourcesBuildPhase section */

/* Begin PBXSourcesBuildPhase section */
		64D7794A25FDE77C0059EDCD /* Sources */ = {
			isa = PBXSourcesBuildPhase;
			buildActionMask = 2147483647;
			files = (
				64D7796725FDE7AC0059EDCD /* CustomTextField.swift in Sources */,
				64D7795225FDE77C0059EDCD /* AppDelegate.swift in Sources */,
				64D7795425FDE77C0059EDCD /* SceneDelegate.swift in Sources */,
				64D7795625FDE77C0059EDCD /* ContentView.swift in Sources */,
			);
			runOnlyForDeploymentPostprocessing = 0;
		};
/* End PBXSourcesBuildPhase section */

/* Begin PBXVariantGroup section */
		64D7795C25FDE77E0059EDCD /* LaunchScreen.storyboard */ = {
			isa = PBXVariantGroup;
			children = (
				64D7795D25FDE77E0059EDCD /* Base */,
			);
			name = LaunchScreen.storyboard;
			sourceTree = "<group>";
		};
/* End PBXVariantGroup section */

/* Begin XCBuildConfiguration section */
		64D7796025FDE77E0059EDCD /* Debug */ = {
			isa = XCBuildConfiguration;
			buildSettings = {
				ALWAYS_SEARCH_USER_PATHS = NO;
				CLANG_ANALYZER_NONNULL = YES;
				CLANG_ANALYZER_NUMBER_OBJECT_CONVERSION = YES_AGGRESSIVE;
				CLANG_CXX_LANGUAGE_STANDARD = "gnu++14";
				CLANG_CXX_LIBRARY = "libc++";
				CLANG_ENABLE_MODULES = YES;
				CLANG_ENABLE_OBJC_ARC = YES;
				CLANG_ENABLE_OBJC_WEAK = YES;
				CLANG_WARN_BLOCK_CAPTURE_AUTORELEASING = YES;
				CLANG_WARN_BOOL_CONVERSION = YES;
				CLANG_WARN_COMMA = YES;
				CLANG_WARN_CONSTANT_CONVERSION = YES;
				CLANG_WARN_DEPRECATED_OBJC_IMPLEMENTATIONS = YES;
				CLANG_WARN_DIRECT_OBJC_ISA_USAGE = YES_ERROR;
				CLANG_WARN_DOCUMENTATION_COMMENTS = YES;
				CLANG_WARN_EMPTY_BODY = YES;
				CLANG_WARN_ENUM_CONVERSION = YES;
				CLANG_WARN_INFINITE_RECURSION = YES;
				CLANG_WARN_INT_CONVERSION = YES;
				CLANG_WARN_NON_LITERAL_NULL_CONVERSION = YES;
				CLANG_WARN_OBJC_IMPLICIT_RETAIN_SELF = YES;
				CLANG_WARN_OBJC_LITERAL_CONVERSION = YES;
				CLANG_WARN_OBJC_ROOT_CLASS = YES_ERROR;
				CLANG_WARN_QUOTED_INCLUDE_IN_FRAMEWORK_HEADER = YES;
				CLANG_WARN_RANGE_LOOP_ANALYSIS = YES;
				CLANG_WARN_STRICT_PROTOTYPES = YES;
				CLANG_WARN_SUSPICIOUS_MOVE = YES;
				CLANG_WARN_UNGUARDED_AVAILABILITY = YES_AGGRESSIVE;
				CLANG_WARN_UNREACHABLE_CODE = YES;
				CLANG_WARN__DUPLICATE_METHOD_MATCH = YES;
				COPY_PHASE_STRIP = NO;
				DEBUG_INFORMATION_FORMAT = dwarf;
				ENABLE_STRICT_OBJC_MSGSEND = YES;
				ENABLE_TESTABILITY = YES;
				GCC_C_LANGUAGE_STANDARD = gnu11;
				GCC_DYNAMIC_NO_PIC = NO;
				GCC_NO_COMMON_BLOCKS = YES;
				GCC_OPTIMIZATION_LEVEL = 0;
				GCC_PREPROCESSOR_DEFINITIONS = (
					"DEBUG=1",
					"$(inherited)",
				);
				GCC_WARN_64_TO_32_BIT_CONVERSION = YES;
				GCC_WARN_ABOUT_RETURN_TYPE = YES_ERROR;
				GCC_WARN_UNDECLARED_SELECTOR = YES;
				GCC_WARN_UNINITIALIZED_AUTOS = YES_AGGRESSIVE;
				GCC_WARN_UNUSED_FUNCTION = YES;
				GCC_WARN_UNUSED_VARIABLE = YES;
				IPHONEOS_DEPLOYMENT_TARGET = 14.4;
				MTL_ENABLE_DEBUG_INFO = INCLUDE_SOURCE;
				MTL_FAST_MATH = YES;
				ONLY_ACTIVE_ARCH = YES;
				SDKROOT = iphoneos;
				SWIFT_ACTIVE_COMPILATION_CONDITIONS = DEBUG;
				SWIFT_OPTIMIZATION_LEVEL = "-Onone";
			};
			name = Debug;
		};
		64D7796125FDE77E0059EDCD /* Release */ = {
			isa = XCBuildConfiguration;
			buildSettings = {
				ALWAYS_SEARCH_USER_PATHS = NO;
				CLANG_ANALYZER_NONNULL = YES;
				CLANG_ANALYZER_NUMBER_OBJECT_CONVERSION = YES_AGGRESSIVE;
				CLANG_CXX_LANGUAGE_STANDARD = "gnu++14";
				CLANG_CXX_LIBRARY = "libc++";
				CLANG_ENABLE_MODULES = YES;
				CLANG_ENABLE_OBJC_ARC = YES;
				CLANG_ENABLE_OBJC_WEAK = YES;
				CLANG_WARN_BLOCK_CAPTURE_AUTORELEASING = YES;
				CLANG_WARN_BOOL_CONVERSION = YES;
				CLANG_WARN_COMMA = YES;
				CLANG_WARN_CONSTANT_CONVERSION = YES;
				CLANG_WARN_DEPRECATED_OBJC_IMPLEMENTATIONS = YES;
				CLANG_WARN_DIRECT_OBJC_ISA_USAGE = YES_ERROR;
				CLANG_WARN_DOCUMENTATION_COMMENTS = YES;
				CLANG_WARN_EMPTY_BODY = YES;
				CLANG_WARN_ENUM_CONVERSION = YES;
				CLANG_WARN_INFINITE_RECURSION = YES;
				CLANG_WARN_INT_CONVERSION = YES;
				CLANG_WARN_NON_LITERAL_NULL_CONVERSION = YES;
				CLANG_WARN_OBJC_IMPLICIT_RETAIN_SELF = YES;
				CLANG_WARN_OBJC_LITERAL_CONVERSION = YES;
				CLANG_WARN_OBJC_ROOT_CLASS = YES_ERROR;
				CLANG_WARN_QUOTED_INCLUDE_IN_FRAMEWORK_HEADER = YES;
				CLANG_WARN_RANGE_LOOP_ANALYSIS = YES;
				CLANG_WARN_STRICT_PROTOTYPES = YES;
				CLANG_WARN_SUSPICIOUS_MOVE = YES;
				CLANG_WARN_UNGUARDED_AVAILABILITY = YES_AGGRESSIVE;
				CLANG_WARN_UNREACHABLE_CODE = YES;
				CLANG_WARN__DUPLICATE_METHOD_MATCH = YES;
				COPY_PHASE_STRIP = NO;
				DEBUG_INFORMATION_FORMAT = "dwarf-with-dsym";
				ENABLE_NS_ASSERTIONS = NO;
				ENABLE_STRICT_OBJC_MSGSEND = YES;
				GCC_C_LANGUAGE_STANDARD = gnu11;
				GCC_NO_COMMON_BLOCKS = YES;
				GCC_WARN_64_TO_32_BIT_CONVERSION = YES;
				GCC_WARN_ABOUT_RETURN_TYPE = YES_ERROR;
				GCC_WARN_UNDECLARED_SELECTOR = YES;
				GCC_WARN_UNINITIALIZED_AUTOS = YES_AGGRESSIVE;
				GCC_WARN_UNUSED_FUNCTION = YES;
				GCC_WARN_UNUSED_VARIABLE = YES;
				IPHONEOS_DEPLOYMENT_TARGET = 14.4;
				MTL_ENABLE_DEBUG_INFO = NO;
				MTL_FAST_MATH = YES;
				SDKROOT = iphoneos;
				SWIFT_COMPILATION_MODE = wholemodule;
				SWIFT_OPTIMIZATION_LEVEL = "-O";
				VALIDATE_PRODUCT = YES;
			};
			name = Release;
		};
		64D7796325FDE77E0059EDCD /* Debug */ = {
			isa = XCBuildConfiguration;
			buildSettings = {
				ASSETCATALOG_COMPILER_APPICON_NAME = AppIcon;
				ASSETCATALOG_COMPILER_GLOBAL_ACCENT_COLOR_NAME = AccentColor;
				CODE_SIGN_STYLE = Automatic;
				DEVELOPMENT_ASSET_PATHS = "\"TextFieldFirstResponder/Preview Content\"";
				DEVELOPMENT_TEAM = N4GHFBBUU9;
				ENABLE_PREVIEWS = YES;
				INFOPLIST_FILE = TextFieldFirstResponder/Info.plist;
				IPHONEOS_DEPLOYMENT_TARGET = 14.0;
				LD_RUNPATH_SEARCH_PATHS = (
					"$(inherited)",
					"@executable_path/Frameworks",
				);
				PRODUCT_BUNDLE_IDENTIFIER = com.exlinct.TextFieldFirstResponder;
				PRODUCT_NAME = "$(TARGET_NAME)";
				SWIFT_VERSION = 5.0;
				TARGETED_DEVICE_FAMILY = "1,2";
			};
			name = Debug;
		};
		64D7796425FDE77E0059EDCD /* Release */ = {
			isa = XCBuildConfiguration;
			buildSettings = {
				ASSETCATALOG_COMPILER_APPICON_NAME = AppIcon;
				ASSETCATALOG_COMPILER_GLOBAL_ACCENT_COLOR_NAME = AccentColor;
				CODE_SIGN_STYLE = Automatic;
				DEVELOPMENT_ASSET_PATHS = "\"TextFieldFirstResponder/Preview Content\"";
				DEVELOPMENT_TEAM = N4GHFBBUU9;
				ENABLE_PREVIEWS = YES;
				INFOPLIST_FILE = TextFieldFirstResponder/Info.plist;
				IPHONEOS_DEPLOYMENT_TARGET = 14.0;
				LD_RUNPATH_SEARCH_PATHS = (
					"$(inherited)",
					"@executable_path/Frameworks",
				);
				PRODUCT_BUNDLE_IDENTIFIER = com.exlinct.TextFieldFirstResponder;
				PRODUCT_NAME = "$(TARGET_NAME)";
				SWIFT_VERSION = 5.0;
				TARGETED_DEVICE_FAMILY = "1,2";
			};
			name = Release;
		};
/* End XCBuildConfiguration section */

/* Begin XCConfigurationList section */
		64D7794925FDE77C0059EDCD /* Build configuration list for PBXProject "TextFieldFirstResponder" */ = {
			isa = XCConfigurationList;
			buildConfigurations = (
				64D7796025FDE77E0059EDCD /* Debug */,
				64D7796125FDE77E0059EDCD /* Release */,
			);
			defaultConfigurationIsVisible = 0;
			defaultConfigurationName = Release;
		};
		64D7796225FDE77E0059EDCD /* Build configuration list for PBXNativeTarget "TextFieldFirstResponder" */ = {
			isa = XCConfigurationList;
			buildConfigurations = (
				64D7796325FDE77E0059EDCD /* Debug */,
				64D7796425FDE77E0059EDCD /* Release */,
			);
			defaultConfigurationIsVisible = 0;
			defaultConfigurationName = Release;
		};
/* End XCConfigurationList section */
	};
	rootObject = 64D7794625FDE77C0059EDCD /* Project object */;
}
