// !$*UTF8*$!
{
	archiveVersion = 1;
	classes = {
	};
	objectVersion = 77;
	objects = {

/* Begin PBXContainerItemProxy section */
		B7EEEFD62F8F69D900C62351 /* PBXContainerItemProxy */ = {
			isa = PBXContainerItemProxy;
			containerPortal = B7EEEFC02F8F69D700C62351 /* Project object */;
			proxyType = 1;
			remoteGlobalIDString = B7EEEFC72F8F69D700C62351;
			remoteInfo = TaskDetachedDemo;
		};
		B7EEEFE02F8F69D900C62351 /* PBXContainerItemProxy */ = {
			isa = PBXContainerItemProxy;
			containerPortal = B7EEEFC02F8F69D700C62351 /* Project object */;
			proxyType = 1;
			remoteGlobalIDString = B7EEEFC72F8F69D700C62351;
			remoteInfo = TaskDetachedDemo;
		};
/* End PBXContainerItemProxy section */

/* Begin PBXFileReference section */
		B7EEEFC82F8F69D700C62351 /* TaskDetachedDemo.app */ = {isa = PBXFileReference; explicitFileType = wrapper.application; includeInIndex = 0; path = TaskDetachedDemo.app; sourceTree = BUILT_PRODUCTS_DIR; };
		B7EEEFD52F8F69D900C62351 /* TaskDetachedDemoTests.xctest */ = {isa = PBXFileReference; explicitFileType = wrapper.cfbundle; includeInIndex = 0; path = TaskDetachedDemoTests.xctest; sourceTree = BUILT_PRODUCTS_DIR; };
		B7EEEFDF2F8F69D900C62351 /* TaskDetachedDemoUITests.xctest */ = {isa = PBXFileReference; explicitFileType = wrapper.cfbundle; includeInIndex = 0; path = TaskDetachedDemoUITests.xctest; sourceTree = BUILT_PRODUCTS_DIR; };
/* End PBXFileReference section */

/* Begin PBXFileSystemSynchronizedRootGroup section */
		B7EEEFCA2F8F69D700C62351 /* TaskDetachedDemo */ = {
			isa = PBXFileSystemSynchronizedRootGroup;
			path = TaskDetachedDemo;
			sourceTree = "<group>";
		};
		B7EEEFD82F8F69D900C62351 /* TaskDetachedDemoTests */ = {
			isa = PBXFileSystemSynchronizedRootGroup;
			path = TaskDetachedDemoTests;
			sourceTree = "<group>";
		};
		B7EEEFE22F8F69D900C62351 /* TaskDetachedDemoUITests */ = {
			isa = PBXFileSystemSynchronizedRootGroup;
			path = TaskDetachedDemoUITests;
			sourceTree = "<group>";
		};
/* End PBXFileSystemSynchronizedRootGroup section */

/* Begin PBXFrameworksBuildPhase section */
		B7EEEFC52F8F69D700C62351 /* Frameworks */ = {
			isa = PBXFrameworksBuildPhase;
			buildActionMask = 2147483647;
			files = (
			);
			runOnlyForDeploymentPostprocessing = 0;
		};
		B7EEEFD22F8F69D900C62351 /* Frameworks */ = {
			isa = PBXFrameworksBuildPhase;
			buildActionMask = 2147483647;
			files = (
			);
			runOnlyForDeploymentPostprocessing = 0;
		};
		B7EEEFDC2F8F69D900C62351 /* Frameworks */ = {
			isa = PBXFrameworksBuildPhase;
			buildActionMask = 2147483647;
			files = (
			);
			runOnlyForDeploymentPostprocessing = 0;
		};
/* End PBXFrameworksBuildPhase section */

/* Begin PBXGroup section */
		B7EEEFBF2F8F69D700C62351 = {
			isa = PBXGroup;
			children = (
				B7EEEFCA2F8F69D700C62351 /* TaskDetachedDemo */,
				B7EEEFD82F8F69D900C62351 /* TaskDetachedDemoTests */,
				B7EEEFE22F8F69D900C62351 /* TaskDetachedDemoUITests */,
				B7EEEFC92F8F69D700C62351 /* Products */,
			);
			sourceTree = "<group>";
		};
		B7EEEFC92F8F69D700C62351 /* Products */ = {
			isa = PBXGroup;
			children = (
				B7EEEFC82F8F69D700C62351 /* TaskDetachedDemo.app */,
				B7EEEFD52F8F69D900C62351 /* TaskDetachedDemoTests.xctest */,
				B7EEEFDF2F8F69D900C62351 /* TaskDetachedDemoUITests.xctest */,
			);
			name = Products;
			sourceTree = "<group>";
		};
/* End PBXGroup section */

/* Begin PBXNativeTarget section */
		B7EEEFC72F8F69D700C62351 /* TaskDetachedDemo */ = {
			isa = PBXNativeTarget;
			buildConfigurationList = B7EEEFE92F8F69D900C62351 /* Build configuration list for PBXNativeTarget "TaskDetachedDemo" */;
			buildPhases = (
				B7EEEFC42F8F69D700C62351 /* Sources */,
				B7EEEFC52F8F69D700C62351 /* Frameworks */,
				B7EEEFC62F8F69D700C62351 /* Resources */,
			);
			buildRules = (
			);
			dependencies = (
			);
			fileSystemSynchronizedGroups = (
				B7EEEFCA2F8F69D700C62351 /* TaskDetachedDemo */,
			);
			name = TaskDetachedDemo;
			packageProductDependencies = (
			);
			productName = TaskDetachedDemo;
			productReference = B7EEEFC82F8F69D700C62351 /* TaskDetachedDemo.app */;
			productType = "com.apple.product-type.application";
		};
		B7EEEFD42F8F69D900C62351 /* TaskDetachedDemoTests */ = {
			isa = PBXNativeTarget;
			buildConfigurationList = B7EEEFEC2F8F69D900C62351 /* Build configuration list for PBXNativeTarget "TaskDetachedDemoTests" */;
			buildPhases = (
				B7EEEFD12F8F69D900C62351 /* Sources */,
				B7EEEFD22F8F69D900C62351 /* Frameworks */,
				B7EEEFD32F8F69D900C62351 /* Resources */,
			);
			buildRules = (
			);
			dependencies = (
				B7EEEFD72F8F69D900C62351 /* PBXTargetDependency */,
			);
			fileSystemSynchronizedGroups = (
				B7EEEFD82F8F69D900C62351 /* TaskDetachedDemoTests */,
			);
			name = TaskDetachedDemoTests;
			packageProductDependencies = (
			);
			productName = TaskDetachedDemoTests;
			productReference = B7EEEFD52F8F69D900C62351 /* TaskDetachedDemoTests.xctest */;
			productType = "com.apple.product-type.bundle.unit-test";
		};
		B7EEEFDE2F8F69D900C62351 /* TaskDetachedDemoUITests */ = {
			isa = PBXNativeTarget;
			buildConfigurationList = B7EEEFEF2F8F69D900C62351 /* Build configuration list for PBXNativeTarget "TaskDetachedDemoUITests" */;
			buildPhases = (
				B7EEEFDB2F8F69D900C62351 /* Sources */,
				B7EEEFDC2F8F69D900C62351 /* Frameworks */,
				B7EEEFDD2F8F69D900C62351 /* Resources */,
			);
			buildRules = (
			);
			dependencies = (
				B7EEEFE12F8F69D900C62351 /* PBXTargetDependency */,
			);
			fileSystemSynchronizedGroups = (
				B7EEEFE22F8F69D900C62351 /* TaskDetachedDemoUITests */,
			);
			name = TaskDetachedDemoUITests;
			packageProductDependencies = (
			);
			productName = TaskDetachedDemoUITests;
			productReference = B7EEEFDF2F8F69D900C62351 /* TaskDetachedDemoUITests.xctest */;
			productType = "com.apple.product-type.bundle.ui-testing";
		};
/* End PBXNativeTarget section */

/* Begin PBXProject section */
		B7EEEFC02F8F69D700C62351 /* Project object */ = {
			isa = PBXProject;
			attributes = {
				BuildIndependentTargetsInParallel = 1;
				LastSwiftUpdateCheck = 2640;
				LastUpgradeCheck = 2640;
				TargetAttributes = {
					B7EEEFC72F8F69D700C62351 = {
						CreatedOnToolsVersion = 26.4;
					};
					B7EEEFD42F8F69D900C62351 = {
						CreatedOnToolsVersion = 26.4;
						TestTargetID = B7EEEFC72F8F69D700C62351;
					};
					B7EEEFDE2F8F69D900C62351 = {
						CreatedOnToolsVersion = 26.4;
						TestTargetID = B7EEEFC72F8F69D700C62351;
					};
				};
			};
			buildConfigurationList = B7EEEFC32F8F69D700C62351 /* Build configuration list for PBXProject "TaskDetachedDemo" */;
			developmentRegion = en;
			hasScannedForEncodings = 0;
			knownRegions = (
				en,
				Base,
			);
			mainGroup = B7EEEFBF2F8F69D700C62351;
			minimizedProjectReferenceProxies = 1;
			preferredProjectObjectVersion = 77;
			productRefGroup = B7EEEFC92F8F69D700C62351 /* Products */;
			projectDirPath = "";
			projectRoot = "";
			targets = (
				B7EEEFC72F8F69D700C62351 /* TaskDetachedDemo */,
				B7EEEFD42F8F69D900C62351 /* TaskDetachedDemoTests */,
				B7EEEFDE2F8F69D900C62351 /* TaskDetachedDemoUITests */,
			);
		};
/* End PBXProject section */

/* Begin PBXResourcesBuildPhase section */
		B7EEEFC62F8F69D700C62351 /* Resources */ = {
			isa = PBXResourcesBuildPhase;
			buildActionMask = 2147483647;
			files = (
			);
			runOnlyForDeploymentPostprocessing = 0;
		};
		B7EEEFD32F8F69D900C62351 /* Resources */ = {
			isa = PBXResourcesBuildPhase;
			buildActionMask = 2147483647;
			files = (
			);
			runOnlyForDeploymentPostprocessing = 0;
		};
		B7EEEFDD2F8F69D900C62351 /* Resources */ = {
			isa = PBXResourcesBuildPhase;
			buildActionMask = 2147483647;
			files = (
			);
			runOnlyForDeploymentPostprocessing = 0;
		};
/* End PBXResourcesBuildPhase section */

/* Begin PBXSourcesBuildPhase section */
		B7EEEFC42F8F69D700C62351 /* Sources */ = {
			isa = PBXSourcesBuildPhase;
			buildActionMask = 2147483647;
			files = (
			);
			runOnlyForDeploymentPostprocessing = 0;
		};
		B7EEEFD12F8F69D900C62351 /* Sources */ = {
			isa = PBXSourcesBuildPhase;
			buildActionMask = 2147483647;
			files = (
			);
			runOnlyForDeploymentPostprocessing = 0;
		};
		B7EEEFDB2F8F69D900C62351 /* Sources */ = {
			isa = PBXSourcesBuildPhase;
			buildActionMask = 2147483647;
			files = (
			);
			runOnlyForDeploymentPostprocessing = 0;
		};
/* End PBXSourcesBuildPhase section */

/* Begin PBXTargetDependency section */
		B7EEEFD72F8F69D900C62351 /* PBXTargetDependency */ = {
			isa = PBXTargetDependency;
			target = B7EEEFC72F8F69D700C62351 /* TaskDetachedDemo */;
			targetProxy = B7EEEFD62F8F69D900C62351 /* PBXContainerItemProxy */;
		};
		B7EEEFE12F8F69D900C62351 /* PBXTargetDependency */ = {
			isa = PBXTargetDependency;
			target = B7EEEFC72F8F69D700C62351 /* TaskDetachedDemo */;
			targetProxy = B7EEEFE02F8F69D900C62351 /* PBXContainerItemProxy */;
		};
/* End PBXTargetDependency section */

/* Begin XCBuildConfiguration section */
		B7EEEFE72F8F69D900C62351 /* Debug */ = {
			isa = XCBuildConfiguration;
			buildSettings = {
				ALWAYS_SEARCH_USER_PATHS = NO;
				ASSETCATALOG_COMPILER_GENERATE_SWIFT_ASSET_SYMBOL_EXTENSIONS = YES;
				CLANG_ANALYZER_NONNULL = YES;
				CLANG_ANALYZER_NUMBER_OBJECT_CONVERSION = YES_AGGRESSIVE;
				CLANG_CXX_LANGUAGE_STANDARD = "gnu++20";
				CLANG_ENABLE_MODULES = YES;
				CLANG_ENABLE_OBJC_ARC = YES;
				CLANG_ENABLE_OBJC_WEAK = YES;
				CLANG_WARN_BLOCK_CAPTURE_AUTORELEASING = YES;
				CLANG_WARN_BOOL_CONVERSION = YES;
				CLANG_WARN_COMMA = YES;
				CLANG_WARN_CONSTANT_CONVERSION = YES;
				CLANG_WARN_DEPRECATED_OBJC_IMPLEMENTATIONS = YES;
				CLANG_WARN_DIRECT_OBJC_ISA_USAGE = YES_ERROR;
				CLANG_WARN_DOCUMENTATION_COMMENTS = YES;
				CLANG_WARN_EMPTY_BODY = YES;
				CLANG_WARN_ENUM_CONVERSION = YES;
				CLANG_WARN_INFINITE_RECURSION = YES;
				CLANG_WARN_INT_CONVERSION = YES;
				CLANG_WARN_NON_LITERAL_NULL_CONVERSION = YES;
				CLANG_WARN_OBJC_IMPLICIT_RETAIN_SELF = YES;
				CLANG_WARN_OBJC_LITERAL_CONVERSION = YES;
				CLANG_WARN_OBJC_ROOT_CLASS = YES_ERROR;
				CLANG_WARN_QUOTED_INCLUDE_IN_FRAMEWORK_HEADER = YES;
				CLANG_WARN_RANGE_LOOP_ANALYSIS = YES;
				CLANG_WARN_STRICT_PROTOTYPES = YES;
				CLANG_WARN_SUSPICIOUS_MOVE = YES;
				CLANG_WARN_UNGUARDED_AVAILABILITY = YES_AGGRESSIVE;
				CLANG_WARN_UNREACHABLE_CODE = YES;
				CLANG_WARN__DUPLICATE_METHOD_MATCH = YES;
				COPY_PHASE_STRIP = NO;
				DEBUG_INFORMATION_FORMAT = dwarf;
				ENABLE_STRICT_OBJC_MSGSEND = YES;
				ENABLE_TESTABILITY = YES;
				ENABLE_USER_SCRIPT_SANDBOXING = YES;
				GCC_C_LANGUAGE_STANDARD = gnu17;
				GCC_DYNAMIC_NO_PIC = NO;
				GCC_NO_COMMON_BLOCKS = YES;
				GCC_OPTIMIZATION_LEVEL = 0;
				GCC_PREPROCESSOR_DEFINITIONS = (
					"DEBUG=1",
					"$(inherited)",
				);
				GCC_WARN_64_TO_32_BIT_CONVERSION = YES;
				GCC_WARN_ABOUT_RETURN_TYPE = YES_ERROR;
				GCC_WARN_UNDECLARED_SELECTOR = YES;
				GCC_WARN_UNINITIALIZED_AUTOS = YES_AGGRESSIVE;
				GCC_WARN_UNUSED_FUNCTION = YES;
				GCC_WARN_UNUSED_VARIABLE = YES;
				IPHONEOS_DEPLOYMENT_TARGET = 26.4;
				LOCALIZATION_PREFERS_STRING_CATALOGS = YES;
				MTL_ENABLE_DEBUG_INFO = INCLUDE_SOURCE;
				MTL_FAST_MATH = YES;
				ONLY_ACTIVE_ARCH = YES;
				SDKROOT = iphoneos;
				SWIFT_ACTIVE_COMPILATION_CONDITIONS = "DEBUG $(inherited)";
				SWIFT_OPTIMIZATION_LEVEL = "-Onone";
			};
			name = Debug;
		};
		B7EEEFE82F8F69D900C62351 /* Release */ = {
			isa = XCBuildConfiguration;
			buildSettings = {
				ALWAYS_SEARCH_USER_PATHS = NO;
				ASSETCATALOG_COMPILER_GENERATE_SWIFT_ASSET_SYMBOL_EXTENSIONS = YES;
				CLANG_ANALYZER_NONNULL = YES;
				CLANG_ANALYZER_NUMBER_OBJECT_CONVERSION = YES_AGGRESSIVE;
				CLANG_CXX_LANGUAGE_STANDARD = "gnu++20";
				CLANG_ENABLE_MODULES = YES;
				CLANG_ENABLE_OBJC_ARC = YES;
				CLANG_ENABLE_OBJC_WEAK = YES;
				CLANG_WARN_BLOCK_CAPTURE_AUTORELEASING = YES;
				CLANG_WARN_BOOL_CONVERSION = YES;
				CLANG_WARN_COMMA = YES;
				CLANG_WARN_CONSTANT_CONVERSION = YES;
				CLANG_WARN_DEPRECATED_OBJC_IMPLEMENTATIONS = YES;
				CLANG_WARN_DIRECT_OBJC_ISA_USAGE = YES_ERROR;
				CLANG_WARN_DOCUMENTATION_COMMENTS = YES;
				CLANG_WARN_EMPTY_BODY = YES;
				CLANG_WARN_ENUM_CONVERSION = YES;
				CLANG_WARN_INFINITE_RECURSION = YES;
				CLANG_WARN_INT_CONVERSION = YES;
				CLANG_WARN_NON_LITERAL_NULL_CONVERSION = YES;
				CLANG_WARN_OBJC_IMPLICIT_RETAIN_SELF = YES;
				CLANG_WARN_OBJC_LITERAL_CONVERSION = YES;
				CLANG_WARN_OBJC_ROOT_CLASS = YES_ERROR;
				CLANG_WARN_QUOTED_INCLUDE_IN_FRAMEWORK_HEADER = YES;
				CLANG_WARN_RANGE_LOOP_ANALYSIS = YES;
				CLANG_WARN_STRICT_PROTOTYPES = YES;
				CLANG_WARN_SUSPICIOUS_MOVE = YES;
				CLANG_WARN_UNGUARDED_AVAILABILITY = YES_AGGRESSIVE;
				CLANG_WARN_UNREACHABLE_CODE = YES;
				CLANG_WARN__DUPLICATE_METHOD_MATCH = YES;
				COPY_PHASE_STRIP = NO;
				DEBUG_INFORMATION_FORMAT = "dwarf-with-dsym";
				ENABLE_NS_ASSERTIONS = NO;
				ENABLE_STRICT_OBJC_MSGSEND = YES;
				ENABLE_USER_SCRIPT_SANDBOXING = YES;
				GCC_C_LANGUAGE_STANDARD = gnu17;
				GCC_NO_COMMON_BLOCKS = YES;
				GCC_WARN_64_TO_32_BIT_CONVERSION = YES;
				GCC_WARN_ABOUT_RETURN_TYPE = YES_ERROR;
				GCC_WARN_UNDECLARED_SELECTOR = YES;
				GCC_WARN_UNINITIALIZED_AUTOS = YES_AGGRESSIVE;
				GCC_WARN_UNUSED_FUNCTION = YES;
				GCC_WARN_UNUSED_VARIABLE = YES;
				IPHONEOS_DEPLOYMENT_TARGET = 26.4;
				LOCALIZATION_PREFERS_STRING_CATALOGS = YES;
				MTL_ENABLE_DEBUG_INFO = NO;
				MTL_FAST_MATH = YES;
				SDKROOT = iphoneos;
				SWIFT_COMPILATION_MODE = wholemodule;
				VALIDATE_PRODUCT = YES;
			};
			name = Release;
		};
		B7EEEFEA2F8F69D900C62351 /* Debug */ = {
			isa = XCBuildConfiguration;
			buildSettings = {
				ASSETCATALOG_COMPILER_APPICON_NAME = AppIcon;
				ASSETCATALOG_COMPILER_GLOBAL_ACCENT_COLOR_NAME = AccentColor;
				CODE_SIGN_STYLE = Automatic;
				CURRENT_PROJECT_VERSION = 1;
				ENABLE_PREVIEWS = YES;
				GENERATE_INFOPLIST_FILE = YES;
				INFOPLIST_KEY_UIApplicationSceneManifest_Generation = YES;
				INFOPLIST_KEY_UIApplicationSupportsIndirectInputEvents = YES;
				INFOPLIST_KEY_UILaunchScreen_Generation = YES;
				INFOPLIST_KEY_UISupportedInterfaceOrientations_iPad = "UIInterfaceOrientationPortrait UIInterfaceOrientationPortraitUpsideDown UIInterfaceOrientationLandscapeLeft UIInterfaceOrientationLandscapeRight";
				INFOPLIST_KEY_UISupportedInterfaceOrientations_iPhone = "UIInterfaceOrientationPortrait UIInterfaceOrientationLandscapeLeft UIInterfaceOrientationLandscapeRight";
				LD_RUNPATH_SEARCH_PATHS = (
					"$(inherited)",
					"@executable_path/Frameworks",
				);
				MARKETING_VERSION = 1.0;
				PRODUCT_BUNDLE_IDENTIFIER = exlinct.TaskDetachedDemo;
				PRODUCT_NAME = "$(TARGET_NAME)";
				STRING_CATALOG_GENERATE_SYMBOLS = YES;
				SWIFT_APPROACHABLE_CONCURRENCY = YES;
				SWIFT_DEFAULT_ACTOR_ISOLATION = MainActor;
				SWIFT_EMIT_LOC_STRINGS = YES;
				SWIFT_UPCOMING_FEATURE_MEMBER_IMPORT_VISIBILITY = YES;
				SWIFT_VERSION = 5.0;
				TARGETED_DEVICE_FAMILY = "1,2";
			};
			name = Debug;
		};
		B7EEEFEB2F8F69D900C62351 /* Release */ = {
			isa = XCBuildConfiguration;
			buildSettings = {
				ASSETCATALOG_COMPILER_APPICON_NAME = AppIcon;
				ASSETCATALOG_COMPILER_GLOBAL_ACCENT_COLOR_NAME = AccentColor;
				CODE_SIGN_STYLE = Automatic;
				CURRENT_PROJECT_VERSION = 1;
				ENABLE_PREVIEWS = YES;
				GENERATE_INFOPLIST_FILE = YES;
				INFOPLIST_KEY_UIApplicationSceneManifest_Generation = YES;
				INFOPLIST_KEY_UIApplicationSupportsIndirectInputEvents = YES;
				INFOPLIST_KEY_UILaunchScreen_Generation = YES;
				INFOPLIST_KEY_UISupportedInterfaceOrientations_iPad = "UIInterfaceOrientationPortrait UIInterfaceOrientationPortraitUpsideDown UIInterfaceOrientationLandscapeLeft UIInterfaceOrientationLandscapeRight";
				INFOPLIST_KEY_UISupportedInterfaceOrientations_iPhone = "UIInterfaceOrientationPortrait UIInterfaceOrientationLandscapeLeft UIInterfaceOrientationLandscapeRight";
				LD_RUNPATH_SEARCH_PATHS = (
					"$(inherited)",
					"@executable_path/Frameworks",
				);
				MARKETING_VERSION = 1.0;
				PRODUCT_BUNDLE_IDENTIFIER = exlinct.TaskDetachedDemo;
				PRODUCT_NAME = "$(TARGET_NAME)";
				STRING_CATALOG_GENERATE_SYMBOLS = YES;
				SWIFT_APPROACHABLE_CONCURRENCY = YES;
				SWIFT_DEFAULT_ACTOR_ISOLATION = MainActor;
				SWIFT_EMIT_LOC_STRINGS = YES;
				SWIFT_UPCOMING_FEATURE_MEMBER_IMPORT_VISIBILITY = YES;
				SWIFT_VERSION = 5.0;
				TARGETED_DEVICE_FAMILY = "1,2";
			};
			name = Release;
		};
		B7EEEFED2F8F69D900C62351 /* Debug */ = {
			isa = XCBuildConfiguration;
			buildSettings = {
				BUNDLE_LOADER = "$(TEST_HOST)";
				CODE_SIGN_STYLE = Automatic;
				CURRENT_PROJECT_VERSION = 1;
				GENERATE_INFOPLIST_FILE = YES;
				IPHONEOS_DEPLOYMENT_TARGET = 26.4;
				MARKETING_VERSION = 1.0;
				PRODUCT_BUNDLE_IDENTIFIER = exlinct.TaskDetachedDemoTests;
				PRODUCT_NAME = "$(TARGET_NAME)";
				STRING_CATALOG_GENERATE_SYMBOLS = NO;
				SWIFT_APPROACHABLE_CONCURRENCY = YES;
				SWIFT_EMIT_LOC_STRINGS = NO;
				SWIFT_UPCOMING_FEATURE_MEMBER_IMPORT_VISIBILITY = YES;
				SWIFT_VERSION = 5.0;
				TARGETED_DEVICE_FAMILY = "1,2";
				TEST_HOST = "$(BUILT_PRODUCTS_DIR)/TaskDetachedDemo.app/$(BUNDLE_EXECUTABLE_FOLDER_PATH)/TaskDetachedDemo";
			};
			name = Debug;
		};
		B7EEEFEE2F8F69D900C62351 /* Release */ = {
			isa = XCBuildConfiguration;
			buildSettings = {
				BUNDLE_LOADER = "$(TEST_HOST)";
				CODE_SIGN_STYLE = Automatic;
				CURRENT_PROJECT_VERSION = 1;
				GENERATE_INFOPLIST_FILE = YES;
				IPHONEOS_DEPLOYMENT_TARGET = 26.4;
				MARKETING_VERSION = 1.0;
				PRODUCT_BUNDLE_IDENTIFIER = exlinct.TaskDetachedDemoTests;
				PRODUCT_NAME = "$(TARGET_NAME)";
				STRING_CATALOG_GENERATE_SYMBOLS = NO;
				SWIFT_APPROACHABLE_CONCURRENCY = YES;
				SWIFT_EMIT_LOC_STRINGS = NO;
				SWIFT_UPCOMING_FEATURE_MEMBER_IMPORT_VISIBILITY = YES;
				SWIFT_VERSION = 5.0;
				TARGETED_DEVICE_FAMILY = "1,2";
				TEST_HOST = "$(BUILT_PRODUCTS_DIR)/TaskDetachedDemo.app/$(BUNDLE_EXECUTABLE_FOLDER_PATH)/TaskDetachedDemo";
			};
			name = Release;
		};
		B7EEEFF02F8F69D900C62351 /* Debug */ = {
			isa = XCBuildConfiguration;
			buildSettings = {
				CODE_SIGN_STYLE = Automatic;
				CURRENT_PROJECT_VERSION = 1;
				GENERATE_INFOPLIST_FILE = YES;
				MARKETING_VERSION = 1.0;
				PRODUCT_BUNDLE_IDENTIFIER = exlinct.TaskDetachedDemoUITests;
				PRODUCT_NAME = "$(TARGET_NAME)";
				STRING_CATALOG_GENERATE_SYMBOLS = NO;
				SWIFT_APPROACHABLE_CONCURRENCY = YES;
				SWIFT_EMIT_LOC_STRINGS = NO;
				SWIFT_UPCOMING_FEATURE_MEMBER_IMPORT_VISIBILITY = YES;
				SWIFT_VERSION = 5.0;
				TARGETED_DEVICE_FAMILY = "1,2";
				TEST_TARGET_NAME = TaskDetachedDemo;
			};
			name = Debug;
		};
		B7EEEFF12F8F69D900C62351 /* Release */ = {
			isa = XCBuildConfiguration;
			buildSettings = {
				CODE_SIGN_STYLE = Automatic;
				CURRENT_PROJECT_VERSION = 1;
				GENERATE_INFOPLIST_FILE = YES;
				MARKETING_VERSION = 1.0;
				PRODUCT_BUNDLE_IDENTIFIER = exlinct.TaskDetachedDemoUITests;
				PRODUCT_NAME = "$(TARGET_NAME)";
				STRING_CATALOG_GENERATE_SYMBOLS = NO;
				SWIFT_APPROACHABLE_CONCURRENCY = YES;
				SWIFT_EMIT_LOC_STRINGS = NO;
				SWIFT_UPCOMING_FEATURE_MEMBER_IMPORT_VISIBILITY = YES;
				SWIFT_VERSION = 5.0;
				TARGETED_DEVICE_FAMILY = "1,2";
				TEST_TARGET_NAME = TaskDetachedDemo;
			};
			name = Release;
		};
/* End XCBuildConfiguration section */

/* Begin XCConfigurationList section */
		B7EEEFC32F8F69D700C62351 /* Build configuration list for PBXProject "TaskDetachedDemo" */ = {
			isa = XCConfigurationList;
			buildConfigurations = (
				B7EEEFE72F8F69D900C62351 /* Debug */,
				B7EEEFE82F8F69D900C62351 /* Release */,
			);
			defaultConfigurationIsVisible = 0;
			defaultConfigurationName = Release;
		};
		B7EEEFE92F8F69D900C62351 /* Build configuration list for PBXNativeTarget "TaskDetachedDemo" */ = {
			isa = XCConfigurationList;
			buildConfigurations = (
				B7EEEFEA2F8F69D900C62351 /* Debug */,
				B7EEEFEB2F8F69D900C62351 /* Release */,
			);
			defaultConfigurationIsVisible = 0;
			defaultConfigurationName = Release;
		};
		B7EEEFEC2F8F69D900C62351 /* Build configuration list for PBXNativeTarget "TaskDetachedDemoTests" */ = {
			isa = XCConfigurationList;
			buildConfigurations = (
				B7EEEFED2F8F69D900C62351 /* Debug */,
				B7EEEFEE2F8F69D900C62351 /* Release */,
			);
			defaultConfigurationIsVisible = 0;
			defaultConfigurationName = Release;
		};
		B7EEEFEF2F8F69D900C62351 /* Build configuration list for PBXNativeTarget "TaskDetachedDemoUITests" */ = {
			isa = XCConfigurationList;
			buildConfigurations = (
				B7EEEFF02F8F69D900C62351 /* Debug */,
				B7EEEFF12F8F69D900C62351 /* Release */,
			);
			defaultConfigurationIsVisible = 0;
			defaultConfigurationName = Release;
		};
/* End XCConfigurationList section */
	};
	rootObject = B7EEEFC02F8F69D700C62351 /* Project object */;
}
