// !$*UTF8*$!
{
	archiveVersion = 1;
	classes = {
	};
	objectVersion = 50;
	objects = {

/* Begin PBXBuildFile section */
		645BE27B2643CE000065C7BA /* AppDelegate.swift in Sources */ = {isa = PBXBuildFile; fileRef = 645BE27A2643CE000065C7BA /* AppDelegate.swift */; };
		645BE27D2643CE000065C7BA /* SceneDelegate.swift in Sources */ = {isa = PBXBuildFile; fileRef = 645BE27C2643CE000065C7BA /* SceneDelegate.swift */; };
		645BE27F2643CE000065C7BA /* ContentView.swift in Sources */ = {isa = PBXBuildFile; fileRef = 645BE27E2643CE000065C7BA /* ContentView.swift */; };
		645BE2812643CE040065C7BA /* Assets.xcassets in Resources */ = {isa = PBXBuildFile; fileRef = 645BE2802643CE040065C7BA /* Assets.xcassets */; };
		645BE2842643CE040065C7BA /* Preview Assets.xcassets in Resources */ = {isa = PBXBuildFile; fileRef = 645BE2832643CE040065C7BA /* Preview Assets.xcassets */; };
		645BE2872643CE040065C7BA /* LaunchScreen.storyboard in Resources */ = {isa = PBXBuildFile; fileRef = 645BE2852643CE040065C7BA /* LaunchScreen.storyboard */; };
		645BE2982643CF3A0065C7BA /* DecodableRemoteContent.swift in Sources */ = {isa = PBXBuildFile; fileRef = 645BE2902643CF3A0065C7BA /* DecodableRemoteContent.swift */; };
		645BE2992643CF3A0065C7BA /* RemoteImage.swift in Sources */ = {isa = PBXBuildFile; fileRef = 645BE2912643CF3A0065C7BA /* RemoteImage.swift */; };
		645BE29A2643CF3A0065C7BA /* RemoteContent.swift in Sources */ = {isa = PBXBuildFile; fileRef = 645BE2922643CF3A0065C7BA /* RemoteContent.swift */; };
		645BE29B2643CF3A0065C7BA /* RemoteContentLoadingState.swift in Sources */ = {isa = PBXBuildFile; fileRef = 645BE2932643CF3A0065C7BA /* RemoteContentLoadingState.swift */; };
		645BE29C2643CF3A0065C7BA /* RemoteContentView.swift in Sources */ = {isa = PBXBuildFile; fileRef = 645BE2942643CF3A0065C7BA /* RemoteContentView.swift */; };
		645BE29D2643CF3A0065C7BA /* RemoteContentView+Extensions.swift in Sources */ = {isa = PBXBuildFile; fileRef = 645BE2952643CF3A0065C7BA /* RemoteContentView+Extensions.swift */; };
		645BE29E2643CF3A0065C7BA /* ActivityIndicator.swift in Sources */ = {isa = PBXBuildFile; fileRef = 645BE2972643CF3A0065C7BA /* ActivityIndicator.swift */; };
		645BE2A22643D0490065C7BA /* Post.swift in Sources */ = {isa = PBXBuildFile; fileRef = 645BE2A12643D0490065C7BA /* Post.swift */; };
/* End PBXBuildFile section */

/* Begin PBXFileReference section */
		645BE2772643CE000065C7BA /* ReusableContentLoadingView.app */ = {isa = PBXFileReference; explicitFileType = wrapper.application; includeInIndex = 0; path = ReusableContentLoadingView.app; sourceTree = BUILT_PRODUCTS_DIR; };
		645BE27A2643CE000065C7BA /* AppDelegate.swift */ = {isa = PBXFileReference; lastKnownFileType = sourcecode.swift; path = AppDelegate.swift; sourceTree = "<group>"; };
		645BE27C2643CE000065C7BA /* SceneDelegate.swift */ = {isa = PBXFileReference; lastKnownFileType = sourcecode.swift; path = SceneDelegate.swift; sourceTree = "<group>"; };
		645BE27E2643CE000065C7BA /* ContentView.swift */ = {isa = PBXFileReference; lastKnownFileType = sourcecode.swift; path = ContentView.swift; sourceTree = "<group>"; };
		645BE2802643CE040065C7BA /* Assets.xcassets */ = {isa = PBXFileReference; lastKnownFileType = folder.assetcatalog; path = Assets.xcassets; sourceTree = "<group>"; };
		645BE2832643CE040065C7BA /* Preview Assets.xcassets */ = {isa = PBXFileReference; lastKnownFileType = folder.assetcatalog; path = "Preview Assets.xcassets"; sourceTree = "<group>"; };
		645BE2862643CE040065C7BA /* Base */ = {isa = PBXFileReference; lastKnownFileType = file.storyboard; name = Base; path = Base.lproj/LaunchScreen.storyboard; sourceTree = "<group>"; };
		645BE2882643CE040065C7BA /* Info.plist */ = {isa = PBXFileReference; lastKnownFileType = text.plist.xml; path = Info.plist; sourceTree = "<group>"; };
		645BE2902643CF3A0065C7BA /* DecodableRemoteContent.swift */ = {isa = PBXFileReference; fileEncoding = 4; lastKnownFileType = sourcecode.swift; path = DecodableRemoteContent.swift; sourceTree = "<group>"; };
		645BE2912643CF3A0065C7BA /* RemoteImage.swift */ = {isa = PBXFileReference; fileEncoding = 4; lastKnownFileType = sourcecode.swift; path = RemoteImage.swift; sourceTree = "<group>"; };
		645BE2922643CF3A0065C7BA /* RemoteContent.swift */ = {isa = PBXFileReference; fileEncoding = 4; lastKnownFileType = sourcecode.swift; path = RemoteContent.swift; sourceTree = "<group>"; };
		645BE2932643CF3A0065C7BA /* RemoteContentLoadingState.swift */ = {isa = PBXFileReference; fileEncoding = 4; lastKnownFileType = sourcecode.swift; path = RemoteContentLoadingState.swift; sourceTree = "<group>"; };
		645BE2942643CF3A0065C7BA /* RemoteContentView.swift */ = {isa = PBXFileReference; fileEncoding = 4; lastKnownFileType = sourcecode.swift; path = RemoteContentView.swift; sourceTree = "<group>"; };
		645BE2952643CF3A0065C7BA /* RemoteContentView+Extensions.swift */ = {isa = PBXFileReference; fileEncoding = 4; lastKnownFileType = sourcecode.swift; path = "RemoteContentView+Extensions.swift"; sourceTree = "<group>"; };
		645BE2972643CF3A0065C7BA /* ActivityIndicator.swift */ = {isa = PBXFileReference; fileEncoding = 4; lastKnownFileType = sourcecode.swift; path = ActivityIndicator.swift; sourceTree = "<group>"; };
		645BE2A12643D0490065C7BA /* Post.swift */ = {isa = PBXFileReference; lastKnownFileType = sourcecode.swift; path = Post.swift; sourceTree = "<group>"; };
/* End PBXFileReference section */

/* Begin PBXFrameworksBuildPhase section */
		645BE2742643CE000065C7BA /* Frameworks */ = {
			isa = PBXFrameworksBuildPhase;
			buildActionMask = 2147483647;
			files = (
			);
			runOnlyForDeploymentPostprocessing = 0;
		};
/* End PBXFrameworksBuildPhase section */

/* Begin PBXGroup section */
		645BE26E2643CE000065C7BA = {
			isa = PBXGroup;
			children = (
				645BE2792643CE000065C7BA /* ReusableContentLoadingView */,
				645BE2782643CE000065C7BA /* Products */,
			);
			sourceTree = "<group>";
		};
		645BE2782643CE000065C7BA /* Products */ = {
			isa = PBXGroup;
			children = (
				645BE2772643CE000065C7BA /* ReusableContentLoadingView.app */,
			);
			name = Products;
			sourceTree = "<group>";
		};
		645BE2792643CE000065C7BA /* ReusableContentLoadingView */ = {
			isa = PBXGroup;
			children = (
				645BE28E2643CF3A0065C7BA /* RemoteContentView */,
				645BE27A2643CE000065C7BA /* AppDelegate.swift */,
				645BE27C2643CE000065C7BA /* SceneDelegate.swift */,
				645BE27E2643CE000065C7BA /* ContentView.swift */,
				645BE2802643CE040065C7BA /* Assets.xcassets */,
				645BE2852643CE040065C7BA /* LaunchScreen.storyboard */,
				645BE2882643CE040065C7BA /* Info.plist */,
				645BE2822643CE040065C7BA /* Preview Content */,
				645BE2A12643D0490065C7BA /* Post.swift */,
			);
			path = ReusableContentLoadingView;
			sourceTree = "<group>";
		};
		645BE2822643CE040065C7BA /* Preview Content */ = {
			isa = PBXGroup;
			children = (
				645BE2832643CE040065C7BA /* Preview Assets.xcassets */,
			);
			path = "Preview Content";
			sourceTree = "<group>";
		};
		645BE28E2643CF3A0065C7BA /* RemoteContentView */ = {
			isa = PBXGroup;
			children = (
				645BE28F2643CF3A0065C7BA /* RemoteContent */,
				645BE2942643CF3A0065C7BA /* RemoteContentView.swift */,
				645BE2952643CF3A0065C7BA /* RemoteContentView+Extensions.swift */,
				645BE2962643CF3A0065C7BA /* Auxiliary */,
			);
			path = RemoteContentView;
			sourceTree = "<group>";
		};
		645BE28F2643CF3A0065C7BA /* RemoteContent */ = {
			isa = PBXGroup;
			children = (
				645BE2902643CF3A0065C7BA /* DecodableRemoteContent.swift */,
				645BE2912643CF3A0065C7BA /* RemoteImage.swift */,
				645BE2922643CF3A0065C7BA /* RemoteContent.swift */,
				645BE2932643CF3A0065C7BA /* RemoteContentLoadingState.swift */,
			);
			path = RemoteContent;
			sourceTree = "<group>";
		};
		645BE2962643CF3A0065C7BA /* Auxiliary */ = {
			isa = PBXGroup;
			children = (
				645BE2972643CF3A0065C7BA /* ActivityIndicator.swift */,
			);
			path = Auxiliary;
			sourceTree = "<group>";
		};
/* End PBXGroup section */

/* Begin PBXNativeTarget section */
		645BE2762643CE000065C7BA /* ReusableContentLoadingView */ = {
			isa = PBXNativeTarget;
			buildConfigurationList = 645BE28B2643CE040065C7BA /* Build configuration list for PBXNativeTarget "ReusableContentLoadingView" */;
			buildPhases = (
				645BE2732643CE000065C7BA /* Sources */,
				645BE2742643CE000065C7BA /* Frameworks */,
				645BE2752643CE000065C7BA /* Resources */,
			);
			buildRules = (
			);
			dependencies = (
			);
			name = ReusableContentLoadingView;
			productName = ReusableContentLoadingView;
			productReference = 645BE2772643CE000065C7BA /* ReusableContentLoadingView.app */;
			productType = "com.apple.product-type.application";
		};
/* End PBXNativeTarget section */

/* Begin PBXProject section */
		645BE26F2643CE000065C7BA /* Project object */ = {
			isa = PBXProject;
			attributes = {
				LastSwiftUpdateCheck = 1250;
				LastUpgradeCheck = 1250;
				TargetAttributes = {
					645BE2762643CE000065C7BA = {
						CreatedOnToolsVersion = 12.5;
					};
				};
			};
			buildConfigurationList = 645BE2722643CE000065C7BA /* Build configuration list for PBXProject "ReusableContentLoadingView" */;
			compatibilityVersion = "Xcode 9.3";
			developmentRegion = en;
			hasScannedForEncodings = 0;
			knownRegions = (
				en,
				Base,
			);
			mainGroup = 645BE26E2643CE000065C7BA;
			productRefGroup = 645BE2782643CE000065C7BA /* Products */;
			projectDirPath = "";
			projectRoot = "";
			targets = (
				645BE2762643CE000065C7BA /* ReusableContentLoadingView */,
			);
		};
/* End PBXProject section */

/* Begin PBXResourcesBuildPhase section */
		645BE2752643CE000065C7BA /* Resources */ = {
			isa = PBXResourcesBuildPhase;
			buildActionMask = 2147483647;
			files = (
				645BE2872643CE040065C7BA /* LaunchScreen.storyboard in Resources */,
				645BE2842643CE040065C7BA /* Preview Assets.xcassets in Resources */,
				645BE2812643CE040065C7BA /* Assets.xcassets in Resources */,
			);
			runOnlyForDeploymentPostprocessing = 0;
		};
/* End PBXResourcesBuildPhase section */

/* Begin PBXSourcesBuildPhase section */
		645BE2732643CE000065C7BA /* Sources */ = {
			isa = PBXSourcesBuildPhase;
			buildActionMask = 2147483647;
			files = (
				645BE27B2643CE000065C7BA /* AppDelegate.swift in Sources */,
				645BE2A22643D0490065C7BA /* Post.swift in Sources */,
				645BE29A2643CF3A0065C7BA /* RemoteContent.swift in Sources */,
				645BE2982643CF3A0065C7BA /* DecodableRemoteContent.swift in Sources */,
				645BE27D2643CE000065C7BA /* SceneDelegate.swift in Sources */,
				645BE29D2643CF3A0065C7BA /* RemoteContentView+Extensions.swift in Sources */,
				645BE29C2643CF3A0065C7BA /* RemoteContentView.swift in Sources */,
				645BE29E2643CF3A0065C7BA /* ActivityIndicator.swift in Sources */,
				645BE2992643CF3A0065C7BA /* RemoteImage.swift in Sources */,
				645BE29B2643CF3A0065C7BA /* RemoteContentLoadingState.swift in Sources */,
				645BE27F2643CE000065C7BA /* ContentView.swift in Sources */,
			);
			runOnlyForDeploymentPostprocessing = 0;
		};
/* End PBXSourcesBuildPhase section */

/* Begin PBXVariantGroup section */
		645BE2852643CE040065C7BA /* LaunchScreen.storyboard */ = {
			isa = PBXVariantGroup;
			children = (
				645BE2862643CE040065C7BA /* Base */,
			);
			name = LaunchScreen.storyboard;
			sourceTree = "<group>";
		};
/* End PBXVariantGroup section */

/* Begin XCBuildConfiguration section */
		645BE2892643CE040065C7BA /* Debug */ = {
			isa = XCBuildConfiguration;
			buildSettings = {
				ALWAYS_SEARCH_USER_PATHS = NO;
				CLANG_ANALYZER_NONNULL = YES;
				CLANG_ANALYZER_NUMBER_OBJECT_CONVERSION = YES_AGGRESSIVE;
				CLANG_CXX_LANGUAGE_STANDARD = "gnu++14";
				CLANG_CXX_LIBRARY = "libc++";
				CLANG_ENABLE_MODULES = YES;
				CLANG_ENABLE_OBJC_ARC = YES;
				CLANG_ENABLE_OBJC_WEAK = YES;
				CLANG_WARN_BLOCK_CAPTURE_AUTORELEASING = YES;
				CLANG_WARN_BOOL_CONVERSION = YES;
				CLANG_WARN_COMMA = YES;
				CLANG_WARN_CONSTANT_CONVERSION = YES;
				CLANG_WARN_DEPRECATED_OBJC_IMPLEMENTATIONS = YES;
				CLANG_WARN_DIRECT_OBJC_ISA_USAGE = YES_ERROR;
				CLANG_WARN_DOCUMENTATION_COMMENTS = YES;
				CLANG_WARN_EMPTY_BODY = YES;
				CLANG_WARN_ENUM_CONVERSION = YES;
				CLANG_WARN_INFINITE_RECURSION = YES;
				CLANG_WARN_INT_CONVERSION = YES;
				CLANG_WARN_NON_LITERAL_NULL_CONVERSION = YES;
				CLANG_WARN_OBJC_IMPLICIT_RETAIN_SELF = YES;
				CLANG_WARN_OBJC_LITERAL_CONVERSION = YES;
				CLANG_WARN_OBJC_ROOT_CLASS = YES_ERROR;
				CLANG_WARN_QUOTED_INCLUDE_IN_FRAMEWORK_HEADER = YES;
				CLANG_WARN_RANGE_LOOP_ANALYSIS = YES;
				CLANG_WARN_STRICT_PROTOTYPES = YES;
				CLANG_WARN_SUSPICIOUS_MOVE = YES;
				CLANG_WARN_UNGUARDED_AVAILABILITY = YES_AGGRESSIVE;
				CLANG_WARN_UNREACHABLE_CODE = YES;
				CLANG_WARN__DUPLICATE_METHOD_MATCH = YES;
				COPY_PHASE_STRIP = NO;
				DEBUG_INFORMATION_FORMAT = dwarf;
				ENABLE_STRICT_OBJC_MSGSEND = YES;
				ENABLE_TESTABILITY = YES;
				GCC_C_LANGUAGE_STANDARD = gnu11;
				GCC_DYNAMIC_NO_PIC = NO;
				GCC_NO_COMMON_BLOCKS = YES;
				GCC_OPTIMIZATION_LEVEL = 0;
				GCC_PREPROCESSOR_DEFINITIONS = (
					"DEBUG=1",
					"$(inherited)",
				);
				GCC_WARN_64_TO_32_BIT_CONVERSION = YES;
				GCC_WARN_ABOUT_RETURN_TYPE = YES_ERROR;
				GCC_WARN_UNDECLARED_SELECTOR = YES;
				GCC_WARN_UNINITIALIZED_AUTOS = YES_AGGRESSIVE;
				GCC_WARN_UNUSED_FUNCTION = YES;
				GCC_WARN_UNUSED_VARIABLE = YES;
				IPHONEOS_DEPLOYMENT_TARGET = 14.5;
				MTL_ENABLE_DEBUG_INFO = INCLUDE_SOURCE;
				MTL_FAST_MATH = YES;
				ONLY_ACTIVE_ARCH = YES;
				SDKROOT = iphoneos;
				SWIFT_ACTIVE_COMPILATION_CONDITIONS = DEBUG;
				SWIFT_OPTIMIZATION_LEVEL = "-Onone";
			};
			name = Debug;
		};
		645BE28A2643CE040065C7BA /* Release */ = {
			isa = XCBuildConfiguration;
			buildSettings = {
				ALWAYS_SEARCH_USER_PATHS = NO;
				CLANG_ANALYZER_NONNULL = YES;
				CLANG_ANALYZER_NUMBER_OBJECT_CONVERSION = YES_AGGRESSIVE;
				CLANG_CXX_LANGUAGE_STANDARD = "gnu++14";
				CLANG_CXX_LIBRARY = "libc++";
				CLANG_ENABLE_MODULES = YES;
				CLANG_ENABLE_OBJC_ARC = YES;
				CLANG_ENABLE_OBJC_WEAK = YES;
				CLANG_WARN_BLOCK_CAPTURE_AUTORELEASING = YES;
				CLANG_WARN_BOOL_CONVERSION = YES;
				CLANG_WARN_COMMA = YES;
				CLANG_WARN_CONSTANT_CONVERSION = YES;
				CLANG_WARN_DEPRECATED_OBJC_IMPLEMENTATIONS = YES;
				CLANG_WARN_DIRECT_OBJC_ISA_USAGE = YES_ERROR;
				CLANG_WARN_DOCUMENTATION_COMMENTS = YES;
				CLANG_WARN_EMPTY_BODY = YES;
				CLANG_WARN_ENUM_CONVERSION = YES;
				CLANG_WARN_INFINITE_RECURSION = YES;
				CLANG_WARN_INT_CONVERSION = YES;
				CLANG_WARN_NON_LITERAL_NULL_CONVERSION = YES;
				CLANG_WARN_OBJC_IMPLICIT_RETAIN_SELF = YES;
				CLANG_WARN_OBJC_LITERAL_CONVERSION = YES;
				CLANG_WARN_OBJC_ROOT_CLASS = YES_ERROR;
				CLANG_WARN_QUOTED_INCLUDE_IN_FRAMEWORK_HEADER = YES;
				CLANG_WARN_RANGE_LOOP_ANALYSIS = YES;
				CLANG_WARN_STRICT_PROTOTYPES = YES;
				CLANG_WARN_SUSPICIOUS_MOVE = YES;
				CLANG_WARN_UNGUARDED_AVAILABILITY = YES_AGGRESSIVE;
				CLANG_WARN_UNREACHABLE_CODE = YES;
				CLANG_WARN__DUPLICATE_METHOD_MATCH = YES;
				COPY_PHASE_STRIP = NO;
				DEBUG_INFORMATION_FORMAT = "dwarf-with-dsym";
				ENABLE_NS_ASSERTIONS = NO;
				ENABLE_STRICT_OBJC_MSGSEND = YES;
				GCC_C_LANGUAGE_STANDARD = gnu11;
				GCC_NO_COMMON_BLOCKS = YES;
				GCC_WARN_64_TO_32_BIT_CONVERSION = YES;
				GCC_WARN_ABOUT_RETURN_TYPE = YES_ERROR;
				GCC_WARN_UNDECLARED_SELECTOR = YES;
				GCC_WARN_UNINITIALIZED_AUTOS = YES_AGGRESSIVE;
				GCC_WARN_UNUSED_FUNCTION = YES;
				GCC_WARN_UNUSED_VARIABLE = YES;
				IPHONEOS_DEPLOYMENT_TARGET = 14.5;
				MTL_ENABLE_DEBUG_INFO = NO;
				MTL_FAST_MATH = YES;
				SDKROOT = iphoneos;
				SWIFT_COMPILATION_MODE = wholemodule;
				SWIFT_OPTIMIZATION_LEVEL = "-O";
				VALIDATE_PRODUCT = YES;
			};
			name = Release;
		};
		645BE28C2643CE040065C7BA /* Debug */ = {
			isa = XCBuildConfiguration;
			buildSettings = {
				ASSETCATALOG_COMPILER_APPICON_NAME = AppIcon;
				ASSETCATALOG_COMPILER_GLOBAL_ACCENT_COLOR_NAME = AccentColor;
				CODE_SIGN_STYLE = Automatic;
				DEVELOPMENT_ASSET_PATHS = "\"ReusableContentLoadingView/Preview Content\"";
				ENABLE_PREVIEWS = YES;
				INFOPLIST_FILE = ReusableContentLoadingView/Info.plist;
				LD_RUNPATH_SEARCH_PATHS = (
					"$(inherited)",
					"@executable_path/Frameworks",
				);
				PRODUCT_BUNDLE_IDENTIFIER = com.exlinct.ReusableContentLoadingView;
				PRODUCT_NAME = "$(TARGET_NAME)";
				SWIFT_VERSION = 5.0;
				TARGETED_DEVICE_FAMILY = "1,2";
			};
			name = Debug;
		};
		645BE28D2643CE040065C7BA /* Release */ = {
			isa = XCBuildConfiguration;
			buildSettings = {
				ASSETCATALOG_COMPILER_APPICON_NAME = AppIcon;
				ASSETCATALOG_COMPILER_GLOBAL_ACCENT_COLOR_NAME = AccentColor;
				CODE_SIGN_STYLE = Automatic;
				DEVELOPMENT_ASSET_PATHS = "\"ReusableContentLoadingView/Preview Content\"";
				ENABLE_PREVIEWS = YES;
				INFOPLIST_FILE = ReusableContentLoadingView/Info.plist;
				LD_RUNPATH_SEARCH_PATHS = (
					"$(inherited)",
					"@executable_path/Frameworks",
				);
				PRODUCT_BUNDLE_IDENTIFIER = com.exlinct.ReusableContentLoadingView;
				PRODUCT_NAME = "$(TARGET_NAME)";
				SWIFT_VERSION = 5.0;
				TARGETED_DEVICE_FAMILY = "1,2";
			};
			name = Release;
		};
/* End XCBuildConfiguration section */

/* Begin XCConfigurationList section */
		645BE2722643CE000065C7BA /* Build configuration list for PBXProject "ReusableContentLoadingView" */ = {
			isa = XCConfigurationList;
			buildConfigurations = (
				645BE2892643CE040065C7BA /* Debug */,
				645BE28A2643CE040065C7BA /* Release */,
			);
			defaultConfigurationIsVisible = 0;
			defaultConfigurationName = Release;
		};
		645BE28B2643CE040065C7BA /* Build configuration list for PBXNativeTarget "ReusableContentLoadingView" */ = {
			isa = XCConfigurationList;
			buildConfigurations = (
				645BE28C2643CE040065C7BA /* Debug */,
				645BE28D2643CE040065C7BA /* Release */,
			);
			defaultConfigurationIsVisible = 0;
			defaultConfigurationName = Release;
		};
/* End XCConfigurationList section */
	};
	rootObject = 645BE26F2643CE000065C7BA /* Project object */;
}
