// !$*UTF8*$!
{
	archiveVersion = 1;
	classes = {
	};
	objectVersion = 50;
	objects = {

/* Begin PBXBuildFile section */
		11C64CA1263D75B200BE9A44 /* AppDelegate.swift in Sources */ = {isa = PBXBuildFile; fileRef = 11C64CA0263D75B200BE9A44 /* AppDelegate.swift */; };
		11C64CA3263D75B200BE9A44 /* SceneDelegate.swift in Sources */ = {isa = PBXBuildFile; fileRef = 11C64CA2263D75B200BE9A44 /* SceneDelegate.swift */; };
		11C64CA5263D75B200BE9A44 /* ContentView.swift in Sources */ = {isa = PBXBuildFile; fileRef = 11C64CA4263D75B200BE9A44 /* ContentView.swift */; };
		11C64CA7263D75B400BE9A44 /* Assets.xcassets in Resources */ = {isa = PBXBuildFile; fileRef = 11C64CA6263D75B400BE9A44 /* Assets.xcassets */; };
		11C64CAA263D75B400BE9A44 /* Preview Assets.xcassets in Resources */ = {isa = PBXBuildFile; fileRef = 11C64CA9263D75B400BE9A44 /* Preview Assets.xcassets */; };
		11C64CAD263D75B400BE9A44 /* LaunchScreen.storyboard in Resources */ = {isa = PBXBuildFile; fileRef = 11C64CAB263D75B400BE9A44 /* LaunchScreen.storyboard */; };
		11C64CB6263D75C800BE9A44 /* UITabBarControllerWrapper.swift in Sources */ = {isa = PBXBuildFile; fileRef = 11C64CB5263D75C800BE9A44 /* UITabBarControllerWrapper.swift */; };
		11C64CB9263D75E100BE9A44 /* TabBarElementItem.swift in Sources */ = {isa = PBXBuildFile; fileRef = 11C64CB8263D75E100BE9A44 /* TabBarElementItem.swift */; };
		11C64CBC263D763B00BE9A44 /* UITabBarWrapper.swift in Sources */ = {isa = PBXBuildFile; fileRef = 11C64CBB263D763B00BE9A44 /* UITabBarWrapper.swift */; };
/* End PBXBuildFile section */

/* Begin PBXFileReference section */
		11C64C9D263D75B200BE9A44 /* UITabBarControllerWithSwiftUI.app */ = {isa = PBXFileReference; explicitFileType = wrapper.application; includeInIndex = 0; path = UITabBarControllerWithSwiftUI.app; sourceTree = BUILT_PRODUCTS_DIR; };
		11C64CA0263D75B200BE9A44 /* AppDelegate.swift */ = {isa = PBXFileReference; lastKnownFileType = sourcecode.swift; path = AppDelegate.swift; sourceTree = "<group>"; };
		11C64CA2263D75B200BE9A44 /* SceneDelegate.swift */ = {isa = PBXFileReference; lastKnownFileType = sourcecode.swift; path = SceneDelegate.swift; sourceTree = "<group>"; };
		11C64CA4263D75B200BE9A44 /* ContentView.swift */ = {isa = PBXFileReference; lastKnownFileType = sourcecode.swift; path = ContentView.swift; sourceTree = "<group>"; };
		11C64CA6263D75B400BE9A44 /* Assets.xcassets */ = {isa = PBXFileReference; lastKnownFileType = folder.assetcatalog; path = Assets.xcassets; sourceTree = "<group>"; };
		11C64CA9263D75B400BE9A44 /* Preview Assets.xcassets */ = {isa = PBXFileReference; lastKnownFileType = folder.assetcatalog; path = "Preview Assets.xcassets"; sourceTree = "<group>"; };
		11C64CAC263D75B400BE9A44 /* Base */ = {isa = PBXFileReference; lastKnownFileType = file.storyboard; name = Base; path = Base.lproj/LaunchScreen.storyboard; sourceTree = "<group>"; };
		11C64CAE263D75B400BE9A44 /* Info.plist */ = {isa = PBXFileReference; lastKnownFileType = text.plist.xml; path = Info.plist; sourceTree = "<group>"; };
		11C64CB5263D75C800BE9A44 /* UITabBarControllerWrapper.swift */ = {isa = PBXFileReference; lastKnownFileType = sourcecode.swift; path = UITabBarControllerWrapper.swift; sourceTree = "<group>"; };
		11C64CB8263D75E100BE9A44 /* TabBarElementItem.swift */ = {isa = PBXFileReference; lastKnownFileType = sourcecode.swift; path = TabBarElementItem.swift; sourceTree = "<group>"; };
		11C64CBB263D763B00BE9A44 /* UITabBarWrapper.swift */ = {isa = PBXFileReference; lastKnownFileType = sourcecode.swift; path = UITabBarWrapper.swift; sourceTree = "<group>"; };
/* End PBXFileReference section */

/* Begin PBXFrameworksBuildPhase section */
		11C64C9A263D75B200BE9A44 /* Frameworks */ = {
			isa = PBXFrameworksBuildPhase;
			buildActionMask = 2147483647;
			files = (
			);
			runOnlyForDeploymentPostprocessing = 0;
		};
/* End PBXFrameworksBuildPhase section */

/* Begin PBXGroup section */
		11C64C94263D75B200BE9A44 = {
			isa = PBXGroup;
			children = (
				11C64C9F263D75B200BE9A44 /* UITabBarControllerWithSwiftUI */,
				11C64C9E263D75B200BE9A44 /* Products */,
			);
			sourceTree = "<group>";
		};
		11C64C9E263D75B200BE9A44 /* Products */ = {
			isa = PBXGroup;
			children = (
				11C64C9D263D75B200BE9A44 /* UITabBarControllerWithSwiftUI.app */,
			);
			name = Products;
			sourceTree = "<group>";
		};
		11C64C9F263D75B200BE9A44 /* UITabBarControllerWithSwiftUI */ = {
			isa = PBXGroup;
			children = (
				11C64CA0263D75B200BE9A44 /* AppDelegate.swift */,
				11C64CA2263D75B200BE9A44 /* SceneDelegate.swift */,
				11C64CA4263D75B200BE9A44 /* ContentView.swift */,
				11C64CA6263D75B400BE9A44 /* Assets.xcassets */,
				11C64CAB263D75B400BE9A44 /* LaunchScreen.storyboard */,
				11C64CAE263D75B400BE9A44 /* Info.plist */,
				11C64CA8263D75B400BE9A44 /* Preview Content */,
				11C64CB5263D75C800BE9A44 /* UITabBarControllerWrapper.swift */,
				11C64CB8263D75E100BE9A44 /* TabBarElementItem.swift */,
				11C64CBB263D763B00BE9A44 /* UITabBarWrapper.swift */,
			);
			path = UITabBarControllerWithSwiftUI;
			sourceTree = "<group>";
		};
		11C64CA8263D75B400BE9A44 /* Preview Content */ = {
			isa = PBXGroup;
			children = (
				11C64CA9263D75B400BE9A44 /* Preview Assets.xcassets */,
			);
			path = "Preview Content";
			sourceTree = "<group>";
		};
/* End PBXGroup section */

/* Begin PBXNativeTarget section */
		11C64C9C263D75B200BE9A44 /* UITabBarControllerWithSwiftUI */ = {
			isa = PBXNativeTarget;
			buildConfigurationList = 11C64CB1263D75B400BE9A44 /* Build configuration list for PBXNativeTarget "UITabBarControllerWithSwiftUI" */;
			buildPhases = (
				11C64C99263D75B200BE9A44 /* Sources */,
				11C64C9A263D75B200BE9A44 /* Frameworks */,
				11C64C9B263D75B200BE9A44 /* Resources */,
			);
			buildRules = (
			);
			dependencies = (
			);
			name = UITabBarControllerWithSwiftUI;
			productName = UITabBarControllerWithSwiftUI;
			productReference = 11C64C9D263D75B200BE9A44 /* UITabBarControllerWithSwiftUI.app */;
			productType = "com.apple.product-type.application";
		};
/* End PBXNativeTarget section */

/* Begin PBXProject section */
		11C64C95263D75B200BE9A44 /* Project object */ = {
			isa = PBXProject;
			attributes = {
				LastSwiftUpdateCheck = 1240;
				LastUpgradeCheck = 1240;
				TargetAttributes = {
					11C64C9C263D75B200BE9A44 = {
						CreatedOnToolsVersion = 12.4;
					};
				};
			};
			buildConfigurationList = 11C64C98263D75B200BE9A44 /* Build configuration list for PBXProject "UITabBarControllerWithSwiftUI" */;
			compatibilityVersion = "Xcode 9.3";
			developmentRegion = en;
			hasScannedForEncodings = 0;
			knownRegions = (
				en,
				Base,
			);
			mainGroup = 11C64C94263D75B200BE9A44;
			productRefGroup = 11C64C9E263D75B200BE9A44 /* Products */;
			projectDirPath = "";
			projectRoot = "";
			targets = (
				11C64C9C263D75B200BE9A44 /* UITabBarControllerWithSwiftUI */,
			);
		};
/* End PBXProject section */

/* Begin PBXResourcesBuildPhase section */
		11C64C9B263D75B200BE9A44 /* Resources */ = {
			isa = PBXResourcesBuildPhase;
			buildActionMask = 2147483647;
			files = (
				11C64CAD263D75B400BE9A44 /* LaunchScreen.storyboard in Resources */,
				11C64CAA263D75B400BE9A44 /* Preview Assets.xcassets in Resources */,
				11C64CA7263D75B400BE9A44 /* Assets.xcassets in Resources */,
			);
			runOnlyForDeploymentPostprocessing = 0;
		};
/* End PBXResourcesBuildPhase section */

/* Begin PBXSourcesBuildPhase section */
		11C64C99263D75B200BE9A44 /* Sources */ = {
			isa = PBXSourcesBuildPhase;
			buildActionMask = 2147483647;
			files = (
				11C64CB9263D75E100BE9A44 /* TabBarElementItem.swift in Sources */,
				11C64CA1263D75B200BE9A44 /* AppDelegate.swift in Sources */,
				11C64CB6263D75C800BE9A44 /* UITabBarControllerWrapper.swift in Sources */,
				11C64CBC263D763B00BE9A44 /* UITabBarWrapper.swift in Sources */,
				11C64CA3263D75B200BE9A44 /* SceneDelegate.swift in Sources */,
				11C64CA5263D75B200BE9A44 /* ContentView.swift in Sources */,
			);
			runOnlyForDeploymentPostprocessing = 0;
		};
/* End PBXSourcesBuildPhase section */

/* Begin PBXVariantGroup section */
		11C64CAB263D75B400BE9A44 /* LaunchScreen.storyboard */ = {
			isa = PBXVariantGroup;
			children = (
				11C64CAC263D75B400BE9A44 /* Base */,
			);
			name = LaunchScreen.storyboard;
			sourceTree = "<group>";
		};
/* End PBXVariantGroup section */

/* Begin XCBuildConfiguration section */
		11C64CAF263D75B400BE9A44 /* Debug */ = {
			isa = XCBuildConfiguration;
			buildSettings = {
				ALWAYS_SEARCH_USER_PATHS = NO;
				CLANG_ANALYZER_NONNULL = YES;
				CLANG_ANALYZER_NUMBER_OBJECT_CONVERSION = YES_AGGRESSIVE;
				CLANG_CXX_LANGUAGE_STANDARD = "gnu++14";
				CLANG_CXX_LIBRARY = "libc++";
				CLANG_ENABLE_MODULES = YES;
				CLANG_ENABLE_OBJC_ARC = YES;
				CLANG_ENABLE_OBJC_WEAK = YES;
				CLANG_WARN_BLOCK_CAPTURE_AUTORELEASING = YES;
				CLANG_WARN_BOOL_CONVERSION = YES;
				CLANG_WARN_COMMA = YES;
				CLANG_WARN_CONSTANT_CONVERSION = YES;
				CLANG_WARN_DEPRECATED_OBJC_IMPLEMENTATIONS = YES;
				CLANG_WARN_DIRECT_OBJC_ISA_USAGE = YES_ERROR;
				CLANG_WARN_DOCUMENTATION_COMMENTS = YES;
				CLANG_WARN_EMPTY_BODY = YES;
				CLANG_WARN_ENUM_CONVERSION = YES;
				CLANG_WARN_INFINITE_RECURSION = YES;
				CLANG_WARN_INT_CONVERSION = YES;
				CLANG_WARN_NON_LITERAL_NULL_CONVERSION = YES;
				CLANG_WARN_OBJC_IMPLICIT_RETAIN_SELF = YES;
				CLANG_WARN_OBJC_LITERAL_CONVERSION = YES;
				CLANG_WARN_OBJC_ROOT_CLASS = YES_ERROR;
				CLANG_WARN_QUOTED_INCLUDE_IN_FRAMEWORK_HEADER = YES;
				CLANG_WARN_RANGE_LOOP_ANALYSIS = YES;
				CLANG_WARN_STRICT_PROTOTYPES = YES;
				CLANG_WARN_SUSPICIOUS_MOVE = YES;
				CLANG_WARN_UNGUARDED_AVAILABILITY = YES_AGGRESSIVE;
				CLANG_WARN_UNREACHABLE_CODE = YES;
				CLANG_WARN__DUPLICATE_METHOD_MATCH = YES;
				COPY_PHASE_STRIP = NO;
				DEBUG_INFORMATION_FORMAT = dwarf;
				ENABLE_STRICT_OBJC_MSGSEND = YES;
				ENABLE_TESTABILITY = YES;
				GCC_C_LANGUAGE_STANDARD = gnu11;
				GCC_DYNAMIC_NO_PIC = NO;
				GCC_NO_COMMON_BLOCKS = YES;
				GCC_OPTIMIZATION_LEVEL = 0;
				GCC_PREPROCESSOR_DEFINITIONS = (
					"DEBUG=1",
					"$(inherited)",
				);
				GCC_WARN_64_TO_32_BIT_CONVERSION = YES;
				GCC_WARN_ABOUT_RETURN_TYPE = YES_ERROR;
				GCC_WARN_UNDECLARED_SELECTOR = YES;
				GCC_WARN_UNINITIALIZED_AUTOS = YES_AGGRESSIVE;
				GCC_WARN_UNUSED_FUNCTION = YES;
				GCC_WARN_UNUSED_VARIABLE = YES;
				IPHONEOS_DEPLOYMENT_TARGET = 14.4;
				MTL_ENABLE_DEBUG_INFO = INCLUDE_SOURCE;
				MTL_FAST_MATH = YES;
				ONLY_ACTIVE_ARCH = YES;
				SDKROOT = iphoneos;
				SWIFT_ACTIVE_COMPILATION_CONDITIONS = DEBUG;
				SWIFT_OPTIMIZATION_LEVEL = "-Onone";
			};
			name = Debug;
		};
		11C64CB0263D75B400BE9A44 /* Release */ = {
			isa = XCBuildConfiguration;
			buildSettings = {
				ALWAYS_SEARCH_USER_PATHS = NO;
				CLANG_ANALYZER_NONNULL = YES;
				CLANG_ANALYZER_NUMBER_OBJECT_CONVERSION = YES_AGGRESSIVE;
				CLANG_CXX_LANGUAGE_STANDARD = "gnu++14";
				CLANG_CXX_LIBRARY = "libc++";
				CLANG_ENABLE_MODULES = YES;
				CLANG_ENABLE_OBJC_ARC = YES;
				CLANG_ENABLE_OBJC_WEAK = YES;
				CLANG_WARN_BLOCK_CAPTURE_AUTORELEASING = YES;
				CLANG_WARN_BOOL_CONVERSION = YES;
				CLANG_WARN_COMMA = YES;
				CLANG_WARN_CONSTANT_CONVERSION = YES;
				CLANG_WARN_DEPRECATED_OBJC_IMPLEMENTATIONS = YES;
				CLANG_WARN_DIRECT_OBJC_ISA_USAGE = YES_ERROR;
				CLANG_WARN_DOCUMENTATION_COMMENTS = YES;
				CLANG_WARN_EMPTY_BODY = YES;
				CLANG_WARN_ENUM_CONVERSION = YES;
				CLANG_WARN_INFINITE_RECURSION = YES;
				CLANG_WARN_INT_CONVERSION = YES;
				CLANG_WARN_NON_LITERAL_NULL_CONVERSION = YES;
				CLANG_WARN_OBJC_IMPLICIT_RETAIN_SELF = YES;
				CLANG_WARN_OBJC_LITERAL_CONVERSION = YES;
				CLANG_WARN_OBJC_ROOT_CLASS = YES_ERROR;
				CLANG_WARN_QUOTED_INCLUDE_IN_FRAMEWORK_HEADER = YES;
				CLANG_WARN_RANGE_LOOP_ANALYSIS = YES;
				CLANG_WARN_STRICT_PROTOTYPES = YES;
				CLANG_WARN_SUSPICIOUS_MOVE = YES;
				CLANG_WARN_UNGUARDED_AVAILABILITY = YES_AGGRESSIVE;
				CLANG_WARN_UNREACHABLE_CODE = YES;
				CLANG_WARN__DUPLICATE_METHOD_MATCH = YES;
				COPY_PHASE_STRIP = NO;
				DEBUG_INFORMATION_FORMAT = "dwarf-with-dsym";
				ENABLE_NS_ASSERTIONS = NO;
				ENABLE_STRICT_OBJC_MSGSEND = YES;
				GCC_C_LANGUAGE_STANDARD = gnu11;
				GCC_NO_COMMON_BLOCKS = YES;
				GCC_WARN_64_TO_32_BIT_CONVERSION = YES;
				GCC_WARN_ABOUT_RETURN_TYPE = YES_ERROR;
				GCC_WARN_UNDECLARED_SELECTOR = YES;
				GCC_WARN_UNINITIALIZED_AUTOS = YES_AGGRESSIVE;
				GCC_WARN_UNUSED_FUNCTION = YES;
				GCC_WARN_UNUSED_VARIABLE = YES;
				IPHONEOS_DEPLOYMENT_TARGET = 14.4;
				MTL_ENABLE_DEBUG_INFO = NO;
				MTL_FAST_MATH = YES;
				SDKROOT = iphoneos;
				SWIFT_COMPILATION_MODE = wholemodule;
				SWIFT_OPTIMIZATION_LEVEL = "-O";
				VALIDATE_PRODUCT = YES;
			};
			name = Release;
		};
		11C64CB2263D75B400BE9A44 /* Debug */ = {
			isa = XCBuildConfiguration;
			buildSettings = {
				ASSETCATALOG_COMPILER_APPICON_NAME = AppIcon;
				ASSETCATALOG_COMPILER_GLOBAL_ACCENT_COLOR_NAME = AccentColor;
				CODE_SIGN_STYLE = Automatic;
				DEVELOPMENT_ASSET_PATHS = "\"UITabBarControllerWithSwiftUI/Preview Content\"";
				DEVELOPMENT_TEAM = N4GHFBBUU9;
				ENABLE_PREVIEWS = YES;
				INFOPLIST_FILE = UITabBarControllerWithSwiftUI/Info.plist;
				LD_RUNPATH_SEARCH_PATHS = (
					"$(inherited)",
					"@executable_path/Frameworks",
				);
				PRODUCT_BUNDLE_IDENTIFIER = com.exlinct.UITabBarControllerWithSwiftUI;
				PRODUCT_NAME = "$(TARGET_NAME)";
				SWIFT_VERSION = 5.0;
				TARGETED_DEVICE_FAMILY = "1,2";
			};
			name = Debug;
		};
		11C64CB3263D75B400BE9A44 /* Release */ = {
			isa = XCBuildConfiguration;
			buildSettings = {
				ASSETCATALOG_COMPILER_APPICON_NAME = AppIcon;
				ASSETCATALOG_COMPILER_GLOBAL_ACCENT_COLOR_NAME = AccentColor;
				CODE_SIGN_STYLE = Automatic;
				DEVELOPMENT_ASSET_PATHS = "\"UITabBarControllerWithSwiftUI/Preview Content\"";
				DEVELOPMENT_TEAM = N4GHFBBUU9;
				ENABLE_PREVIEWS = YES;
				INFOPLIST_FILE = UITabBarControllerWithSwiftUI/Info.plist;
				LD_RUNPATH_SEARCH_PATHS = (
					"$(inherited)",
					"@executable_path/Frameworks",
				);
				PRODUCT_BUNDLE_IDENTIFIER = com.exlinct.UITabBarControllerWithSwiftUI;
				PRODUCT_NAME = "$(TARGET_NAME)";
				SWIFT_VERSION = 5.0;
				TARGETED_DEVICE_FAMILY = "1,2";
			};
			name = Release;
		};
/* End XCBuildConfiguration section */

/* Begin XCConfigurationList section */
		11C64C98263D75B200BE9A44 /* Build configuration list for PBXProject "UITabBarControllerWithSwiftUI" */ = {
			isa = XCConfigurationList;
			buildConfigurations = (
				11C64CAF263D75B400BE9A44 /* Debug */,
				11C64CB0263D75B400BE9A44 /* Release */,
			);
			defaultConfigurationIsVisible = 0;
			defaultConfigurationName = Release;
		};
		11C64CB1263D75B400BE9A44 /* Build configuration list for PBXNativeTarget "UITabBarControllerWithSwiftUI" */ = {
			isa = XCConfigurationList;
			buildConfigurations = (
				11C64CB2263D75B400BE9A44 /* Debug */,
				11C64CB3263D75B400BE9A44 /* Release */,
			);
			defaultConfigurationIsVisible = 0;
			defaultConfigurationName = Release;
		};
/* End XCConfigurationList section */
	};
	rootObject = 11C64C95263D75B200BE9A44 /* Project object */;
}
